
Microsoft Visual Studio Solution File, Format Version 12.00
# Visual Studio Version 17
VisualStudioVersion = 17.14.36705.20 d17.14
MinimumVisualStudioVersion = 10.0.40219.1
Project("{FAE04EC0-301F-11D3-BF4B-00C04F79EFBC}") = "ToDo_with_CSHARP_v2", "ToDo_with_CSHARP_v2\ToDo_with_CSHARP_v2.csproj", "{E6D87FEF-1FF1-4BE8-93BA-6F12A9EB52B0}"
EndProject
Global
	GlobalSection(SolutionConfigurationPlatforms) = preSolution
		Debug|Any CPU = Debug|Any CPU
		Release|Any CPU = Release|Any CPU
	EndGlobalSection
	GlobalSection(ProjectConfigurationPlatforms) = postSolution
		{E6D87FEF-1FF1-4BE8-93BA-6F12A9EB52B0}.Debug|Any CPU.ActiveCfg = Debug|Any CPU
		{E6D87FEF-1FF1-4BE8-93BA-6F12A9EB52B0}.Debug|Any CPU.Build.0 = Debug|Any CPU
		{E6D87FEF-1FF1-4BE8-93BA-6F12A9EB52B0}.Release|Any CPU.ActiveCfg = Release|Any CPU
		{E6D87FEF-1FF1-4BE8-93BA-6F12A9EB52B0}.Release|Any CPU.Build.0 = Release|Any CPU
	EndGlobalSection
	GlobalSection(SolutionProperties) = preSolution
		HideSolutionNode = FALSE
	EndGlobalSection
	GlobalSection(ExtensibilityGlobals) = postSolution
		SolutionGuid = {DE3C555C-9E62-456C-B89A-C3F0239AC6BF}
	EndGlobalSection
EndGlobal
